{
  "name": "@mskelton/raycast",
  "lockfileVersion": 2,
  "requires": true,
  "packages": {
    "": {
      "name": "@mskelton/raycast",
      "devDependencies": {
        "prettier": "^2.8.8"
      }
    },
    "node_modules/.pnpm/eslint-visitor-keys@3.4.1/node_modules/eslint-visitor-keys": {
      "version": "3.4.1",
      "extraneous": true,
      "license": "Apache-2.0",
      "devDependencies": {
        "@types/estree": "^0.0.51",
        "@types/estree-jsx": "^0.0.1",
        "@typescript-eslint/parser": "^5.14.0",
        "c8": "^7.11.0",
        "chai": "^4.3.6",
        "eslint": "^7.29.0",
        "eslint-config-eslint": "^7.0.0",
        "eslint-plugin-jsdoc": "^35.4.0",
        "eslint-plugin-node": "^11.1.0",
        "eslint-release": "^3.2.0",
        "esquery": "^1.4.0",
        "json-diff": "^0.7.3",
        "mocha": "^9.2.1",
        "opener": "^1.5.2",
        "rollup": "^2.70.0",
        "rollup-plugin-dts": "^4.2.3",
        "tsd": "^0.19.1",
        "typescript": "^4.6.2"
      },
      "engines": {
        "node": "^12.22.0 || ^14.17.0 || >=16.0.0"
      },
      "funding": {
        "url": "https://opencollective.com/eslint"
      }
    },
    "node_modules/.pnpm/prettier@2.8.8/node_modules/prettier": {
      "version": "2.8.8",
      "dev": true,
      "license": "MIT",
      "bin": {
        "prettier": "bin-prettier.js"
      },
      "engines": {
        "node": ">=10.13.0"
      },
      "funding": {
        "url": "https://github.com/prettier/prettier?sponsor=1"
      }
    },
    "node_modules/prettier": {
      "resolved": "node_modules/.pnpm/prettier@2.8.8/node_modules/prettier",
      "link": true
    }
  },
  "dependencies": {
    "prettier": {
      "version": "file:node_modules/.pnpm/prettier@2.8.8/node_modules/prettier"
    }
  }
}
